
Microsoft Visual Studio Solution File, Format Version 12.00
# Visual Studio Version 17
VisualStudioVersion = 17.7.34009.444
MinimumVisualStudioVersion = 10.0.40219.1
Project("{FAE04EC0-301F-11D3-BF4B-00C04F79EFBC}") = "WeatherApp", "WeatherApp.csproj", "{4BDEB3F3-CC9A-4FA6-8494-F6C4345E95A3}"
EndProject
Global
	GlobalSection(SolutionConfigurationPlatforms) = preSolution
		Debug|Any CPU = Debug|Any CPU
		Release|Any CPU = Release|Any CPU
	EndGlobalSection
	GlobalSection(ProjectConfigurationPlatforms) = postSolution
		{4BDEB3F3-CC9A-4FA6-8494-F6C4345E95A3}.Debug|Any CPU.ActiveCfg = Debug|Any CPU
		{4BDEB3F3-CC9A-4FA6-8494-F6C4345E95A3}.Debug|Any CPU.Build.0 = Debug|Any CPU
		{4BDEB3F3-CC9A-4FA6-8494-F6C4345E95A3}.Debug|Any CPU.Deploy.0 = Debug|Any CPU
		{4BDEB3F3-CC9A-4FA6-8494-F6C4345E95A3}.Release|Any CPU.ActiveCfg = Release|Any CPU
		{4BDEB3F3-CC9A-4FA6-8494-F6C4345E95A3}.Release|Any CPU.Build.0 = Release|Any CPU
		{4BDEB3F3-CC9A-4FA6-8494-F6C4345E95A3}.Release|Any CPU.Deploy.0 = Release|Any CPU
	EndGlobalSection
	GlobalSection(SolutionProperties) = preSolution
		HideSolutionNode = FALSE
	EndGlobalSection
	GlobalSection(ExtensibilityGlobals) = postSolution
		SolutionGuid = {0B85EE4B-C6BC-4E40-8A47-40FA78374E9C}
	EndGlobalSection
EndGlobal
